
Microsoft Visual Studio Solution File, Format Version 12.00
# Visual Studio 14
VisualStudioVersion = 14.0.25420.1
MinimumVisualStudioVersion = 10.0.40219.1
Project("{2150E333-8FDC-42A3-9474-1A3956D46DE8}") = "Solution Items", "Solution Items", "{89A9F042-94A9-4BC4-9EA2-8AA67EFA765E}"
	ProjectSection(SolutionItems) = preProject
		Docs\Changes.md = Docs\Changes.md
		Docs\CommandReference.md = Docs\CommandReference.md
		Docs\Configurator.md = Docs\Configurator.md
		Docs\OriginalFirmware.txt = Docs\OriginalFirmware.txt
		ReadMe.md = ReadMe.md
	EndProjectSection
EndProject
Project("{8BC9CEB8-8B4A-11D0-8D11-00A0C91BC942}") = "PDMShutter", "PDMShutter\PDMShutter.vcxproj", "{C5F80730-F44F-4478-BDAE-6634EFC2CA88}"
EndProject
Project("{8BC9CEB8-8B4A-11D0-8D11-00A0C91BC942}") = "PDMRotator", "PDMRotator\PDMRotator.vcxproj", "{E599E55A-45FC-4B39-9156-1609172305DF}"
EndProject
Global
	GlobalSection(SolutionConfigurationPlatforms) = preSolution
		Debug|x86 = Debug|x86
		Release|x86 = Release|x86
	EndGlobalSection
	GlobalSection(ProjectConfigurationPlatforms) = postSolution
		{C5F80730-F44F-4478-BDAE-6634EFC2CA88}.Debug|x86.ActiveCfg = Debug|Win32
		{C5F80730-F44F-4478-BDAE-6634EFC2CA88}.Debug|x86.Build.0 = Debug|Win32
		{C5F80730-F44F-4478-BDAE-6634EFC2CA88}.Release|x86.ActiveCfg = Release|Win32
		{C5F80730-F44F-4478-BDAE-6634EFC2CA88}.Release|x86.Build.0 = Release|Win32
		{E599E55A-45FC-4B39-9156-1609172305DF}.Debug|x86.ActiveCfg = Debug|Win32
		{E599E55A-45FC-4B39-9156-1609172305DF}.Debug|x86.Build.0 = Debug|Win32
		{E599E55A-45FC-4B39-9156-1609172305DF}.Release|x86.ActiveCfg = Release|Win32
		{E599E55A-45FC-4B39-9156-1609172305DF}.Release|x86.Build.0 = Release|Win32
	EndGlobalSection
	GlobalSection(SolutionProperties) = preSolution
		HideSolutionNode = FALSE
	EndGlobalSection
EndGlobal
